// !$*UTF8*$!
{
	archiveVersion = 1;
	classes = {
	};
	objectVersion = 50;
	objects = {

/* Begin PBXBuildFile section */
		61972A9022CE3FEE00CBA48B /* AppDelegate.swift in Sources */ = {isa = PBXBuildFile; fileRef = 61972A8F22CE3FEE00CBA48B /* AppDelegate.swift */; };
		61972A9222CE3FEE00CBA48B /* ViewController.swift in Sources */ = {isa = PBXBuildFile; fileRef = 61972A9122CE3FEE00CBA48B /* ViewController.swift */; };
		61972A9522CE3FEE00CBA48B /* Main.storyboard in Resources */ = {isa = PBXBuildFile; fileRef = 61972A9322CE3FEE00CBA48B /* Main.storyboard */; };
		61972A9722CE3FF000CBA48B /* Assets.xcassets in Resources */ = {isa = PBXBuildFile; fileRef = 61972A9622CE3FF000CBA48B /* Assets.xcassets */; };
		61972A9A22CE3FF000CBA48B /* LaunchScreen.storyboard in Resources */ = {isa = PBXBuildFile; fileRef = 61972A9822CE3FF000CBA48B /* LaunchScreen.storyboard */; };
/* End PBXBuildFile section */

/* Begin PBXFileReference section */
		61972A8C22CE3FEE00CBA48B /* FCMiOS.app */ = {isa = PBXFileReference; explicitFileType = wrapper.application; includeInIndex = 0; path = FCMiOS.app; sourceTree = BUILT_PRODUCTS_DIR; };
		61972A8F22CE3FEE00CBA48B /* AppDelegate.swift */ = {isa = PBXFileReference; lastKnownFileType = sourcecode.swift; path = AppDelegate.swift; sourceTree = "<group>"; };
		61972A9122CE3FEE00CBA48B /* ViewController.swift */ = {isa = PBXFileReference; lastKnownFileType = sourcecode.swift; path = ViewController.swift; sourceTree = "<group>"; };
		61972A9422CE3FEE00CBA48B /* Base */ = {isa = PBXFileReference; lastKnownFileType = file.storyboard; name = Base; path = Base.lproj/Main.storyboard; sourceTree = "<group>"; };
		61972A9622CE3FF000CBA48B /* Assets.xcassets */ = {isa = PBXFileReference; lastKnownFileType = folder.assetcatalog; path = Assets.xcassets; sourceTree = "<group>"; };
		61972A9922CE3FF000CBA48B /* Base */ = {isa = PBXFileReference; lastKnownFileType = file.storyboard; name = Base; path = Base.lproj/LaunchScreen.storyboard; sourceTree = "<group>"; };
		61972A9B22CE3FF000CBA48B /* Info.plist */ = {isa = PBXFileReference; lastKnownFileType = text.plist.xml; path = Info.plist; sourceTree = "<group>"; };
/* End PBXFileReference section */

/* Begin PBXFrameworksBuildPhase section */
		61972A8922CE3FEE00CBA48B /* Frameworks */ = {
			isa = PBXFrameworksBuildPhase;
			buildActionMask = 2147483647;
			files = (
			);
			runOnlyForDeploymentPostprocessing = 0;
		};
/* End PBXFrameworksBuildPhase section */

/* Begin PBXGroup section */
		61972A8322CE3FEE00CBA48B = {
			isa = PBXGroup;
			children = (
				61972A8E22CE3FEE00CBA48B /* FCMiOS */,
				61972A8D22CE3FEE00CBA48B /* Products */,
			);
			sourceTree = "<group>";
		};
		61972A8D22CE3FEE00CBA48B /* Products */ = {
			isa = PBXGroup;
			children = (
				61972A8C22CE3FEE00CBA48B /* FCMiOS.app */,
			);
			name = Products;
			sourceTree = "<group>";
		};
		61972A8E22CE3FEE00CBA48B /* FCMiOS */ = {
			isa = PBXGroup;
			children = (
				61972A8F22CE3FEE00CBA48B /* AppDelegate.swift */,
				61972A9122CE3FEE00CBA48B /* ViewController.swift */,
				61972A9322CE3FEE00CBA48B /* Main.storyboard */,
				61972A9622CE3FF000CBA48B /* Assets.xcassets */,
				61972A9822CE3FF000CBA48B /* LaunchScreen.storyboard */,
				61972A9B22CE3FF000CBA48B /* Info.plist */,
			);
			path = FCMiOS;
			sourceTree = "<group>";
		};
/* End PBXGroup section */

/* Begin PBXNativeTarget section */
		61972A8B22CE3FEE00CBA48B /* FCMiOS */ = {
			isa = PBXNativeTarget;
			buildConfigurationList = 61972A9E22CE3FF000CBA48B /* Build configuration list for PBXNativeTarget "FCMiOS" */;
			buildPhases = (
				61972A8822CE3FEE00CBA48B /* Sources */,
				61972A8922CE3FEE00CBA48B /* Frameworks */,
				61972A8A22CE3FEE00CBA48B /* Resources */,
			);
			buildRules = (
			);
			dependencies = (
			);
			name = FCMiOS;
			productName = FCMiOS;
			productReference = 61972A8C22CE3FEE00CBA48B /* FCMiOS.app */;
			productType = "com.apple.product-type.application";
		};
/* End PBXNativeTarget section */

/* Begin PBXProject section */
		61972A8422CE3FEE00CBA48B /* Project object */ = {
			isa = PBXProject;
			attributes = {
				LastSwiftUpdateCheck = 1010;
				LastUpgradeCheck = 1010;
				ORGANIZATIONNAME = TimLu;
				TargetAttributes = {
					61972A8B22CE3FEE00CBA48B = {
						CreatedOnToolsVersion = 10.1;
					};
				};
			};
			buildConfigurationList = 61972A8722CE3FEE00CBA48B /* Build configuration list for PBXProject "FCMiOS" */;
			compatibilityVersion = "Xcode 9.3";
			developmentRegion = en;
			hasScannedForEncodings = 0;
			knownRegions = (
				en,
				Base,
			);
			mainGroup = 61972A8322CE3FEE00CBA48B;
			productRefGroup = 61972A8D22CE3FEE00CBA48B /* Products */;
			projectDirPath = "";
			projectRoot = "";
			targets = (
				61972A8B22CE3FEE00CBA48B /* FCMiOS */,
			);
		};
/* End PBXProject section */

/* Begin PBXResourcesBuildPhase section */
		61972A8A22CE3FEE00CBA48B /* Resources */ = {
			isa = PBXResourcesBuildPhase;
			buildActionMask = 2147483647;
			files = (
				61972A9A22CE3FF000CBA48B /* LaunchScreen.storyboard in Resources */,
				61972A9722CE3FF000CBA48B /* Assets.xcassets in Resources */,
				61972A9522CE3FEE00CBA48B /* Main.storyboard in Resources */,
			);
			runOnlyForDeploymentPostprocessing = 0;
		};
/* End PBXResourcesBuildPhase section */

/* Begin PBXSourcesBuildPhase section */
		61972A8822CE3FEE00CBA48B /* Sources */ = {
			isa = PBXSourcesBuildPhase;
			buildActionMask = 2147483647;
			files = (
				61972A9222CE3FEE00CBA48B /* ViewController.swift in Sources */,
				61972A9022CE3FEE00CBA48B /* AppDelegate.swift in Sources */,
			);
			runOnlyForDeploymentPostprocessing = 0;
		};
/* End PBXSourcesBuildPhase section */

/* Begin PBXVariantGroup section */
		61972A9322CE3FEE00CBA48B /* Main.storyboard */ = {
			isa = PBXVariantGroup;
			children = (
				61972A9422CE3FEE00CBA48B /* Base */,
			);
			name = Main.storyboard;
			sourceTree = "<group>";
		};
		61972A9822CE3FF000CBA48B /* LaunchScreen.storyboard */ = {
			isa = PBXVariantGroup;
			children = (
				61972A9922CE3FF000CBA48B /* Base */,
			);
			name = LaunchScreen.storyboard;
			sourceTree = "<group>";
		};
/* End PBXVariantGroup section */

/* Begin XCBuildConfiguration section */
		61972A9C22CE3FF000CBA48B /* Debug */ = {
			isa = XCBuildConfiguration;
			buildSettings = {
				ALWAYS_SEARCH_USER_PATHS = NO;
				CLANG_ANALYZER_NONNULL = YES;
				CLANG_ANALYZER_NUMBER_OBJECT_CONVERSION = YES_AGGRESSIVE;
				CLANG_CXX_LANGUAGE_STANDARD = "gnu++14";
				CLANG_CXX_LIBRARY = "libc++";
				CLANG_ENABLE_MODULES = YES;
				CLANG_ENABLE_OBJC_ARC = YES;
				CLANG_ENABLE_OBJC_WEAK = YES;
				CLANG_WARN_BLOCK_CAPTURE_AUTORELEASING = YES;
				CLANG_WARN_BOOL_CONVERSION = YES;
				CLANG_WARN_COMMA = YES;
				CLANG_WARN_CONSTANT_CONVERSION = YES;
				CLANG_WARN_DEPRECATED_OBJC_IMPLEMENTATIONS = YES;
				CLANG_WARN_DIRECT_OBJC_ISA_USAGE = YES_ERROR;
				CLANG_WARN_DOCUMENTATION_COMMENTS = YES;
				CLANG_WARN_EMPTY_BODY = YES;
				CLANG_WARN_ENUM_CONVERSION = YES;
				CLANG_WARN_INFINITE_RECURSION = YES;
				CLANG_WARN_INT_CONVERSION = YES;
				CLANG_WARN_NON_LITERAL_NULL_CONVERSION = YES;
				CLANG_WARN_OBJC_IMPLICIT_RETAIN_SELF = YES;
				CLANG_WARN_OBJC_LITERAL_CONVERSION = YES;
				CLANG_WARN_OBJC_ROOT_CLASS = YES_ERROR;
				CLANG_WARN_RANGE_LOOP_ANALYSIS = YES;
				CLANG_WARN_STRICT_PROTOTYPES = YES;
				CLANG_WARN_SUSPICIOUS_MOVE = YES;
				CLANG_WARN_UNGUARDED_AVAILABILITY = YES_AGGRESSIVE;
				CLANG_WARN_UNREACHABLE_CODE = YES;
				CLANG_WARN__DUPLICATE_METHOD_MATCH = YES;
				CODE_SIGN_IDENTITY = "iPhone Developer";
				COPY_PHASE_STRIP = NO;
				DEBUG_INFORMATION_FORMAT = dwarf;
				ENABLE_STRICT_OBJC_MSGSEND = YES;
				ENABLE_TESTABILITY = YES;
				GCC_C_LANGUAGE_STANDARD = gnu11;
				GCC_DYNAMIC_NO_PIC = NO;
				GCC_NO_COMMON_BLOCKS = YES;
				GCC_OPTIMIZATION_LEVEL = 0;
				GCC_PREPROCESSOR_DEFINITIONS = (
					"DEBUG=1",
					"$(inherited)",
				);
				GCC_WARN_64_TO_32_BIT_CONVERSION = YES;
				GCC_WARN_ABOUT_RETURN_TYPE = YES_ERROR;
				GCC_WARN_UNDECLARED_SELECTOR = YES;
				GCC_WARN_UNINITIALIZED_AUTOS = YES_AGGRESSIVE;
				GCC_WARN_UNUSED_FUNCTION = YES;
				GCC_WARN_UNUSED_VARIABLE = YES;
				IPHONEOS_DEPLOYMENT_TARGET = 12.1;
				MTL_ENABLE_DEBUG_INFO = INCLUDE_SOURCE;
				MTL_FAST_MATH = YES;
				ONLY_ACTIVE_ARCH = YES;
				SDKROOT = iphoneos;
				SWIFT_ACTIVE_COMPILATION_CONDITIONS = DEBUG;
				SWIFT_OPTIMIZATION_LEVEL = "-Onone";
			};
			name = Debug;
		};
		61972A9D22CE3FF000CBA48B /* Release */ = {
			isa = XCBuildConfiguration;
			buildSettings = {
				ALWAYS_SEARCH_USER_PATHS = NO;
				CLANG_ANALYZER_NONNULL = YES;
				CLANG_ANALYZER_NUMBER_OBJECT_CONVERSION = YES_AGGRESSIVE;
				CLANG_CXX_LANGUAGE_STANDARD = "gnu++14";
				CLANG_CXX_LIBRARY = "libc++";
				CLANG_ENABLE_MODULES = YES;
				CLANG_ENABLE_OBJC_ARC = YES;
				CLANG_ENABLE_OBJC_WEAK = YES;
				CLANG_WARN_BLOCK_CAPTURE_AUTORELEASING = YES;
				CLANG_WARN_BOOL_CONVERSION = YES;
				CLANG_WARN_COMMA = YES;
				CLANG_WARN_CONSTANT_CONVERSION = YES;
				CLANG_WARN_DEPRECATED_OBJC_IMPLEMENTATIONS = YES;
				CLANG_WARN_DIRECT_OBJC_ISA_USAGE = YES_ERROR;
				CLANG_WARN_DOCUMENTATION_COMMENTS = YES;
				CLANG_WARN_EMPTY_BODY = YES;
				CLANG_WARN_ENUM_CONVERSION = YES;
				CLANG_WARN_INFINITE_RECURSION = YES;
				CLANG_WARN_INT_CONVERSION = YES;
				CLANG_WARN_NON_LITERAL_NULL_CONVERSION = YES;
				CLANG_WARN_OBJC_IMPLICIT_RETAIN_SELF = YES;
				CLANG_WARN_OBJC_LITERAL_CONVERSION = YES;
				CLANG_WARN_OBJC_ROOT_CLASS = YES_ERROR;
				CLANG_WARN_RANGE_LOOP_ANALYSIS = YES;
				CLANG_WARN_STRICT_PROTOTYPES = YES;
				CLANG_WARN_SUSPICIOUS_MOVE = YES;
				CLANG_WARN_UNGUARDED_AVAILABILITY = YES_AGGRESSIVE;
				CLANG_WARN_UNREACHABLE_CODE = YES;
				CLANG_WARN__DUPLICATE_METHOD_MATCH = YES;
				CODE_SIGN_IDENTITY = "iPhone Developer";
				COPY_PHASE_STRIP = NO;
				DEBUG_INFORMATION_FORMAT = "dwarf-with-dsym";
				ENABLE_NS_ASSERTIONS = NO;
				ENABLE_STRICT_OBJC_MSGSEND = YES;
				GCC_C_LANGUAGE_STANDARD = gnu11;
				GCC_NO_COMMON_BLOCKS = YES;
				GCC_WARN_64_TO_32_BIT_CONVERSION = YES;
				GCC_WARN_ABOUT_RETURN_TYPE = YES_ERROR;
				GCC_WARN_UNDECLARED_SELECTOR = YES;
				GCC_WARN_UNINITIALIZED_AUTOS = YES_AGGRESSIVE;
				GCC_WARN_UNUSED_FUNCTION = YES;
				GCC_WARN_UNUSED_VARIABLE = YES;
				IPHONEOS_DEPLOYMENT_TARGET = 12.1;
				MTL_ENABLE_DEBUG_INFO = NO;
				MTL_FAST_MATH = YES;
				SDKROOT = iphoneos;
				SWIFT_COMPILATION_MODE = wholemodule;
				SWIFT_OPTIMIZATION_LEVEL = "-O";
				VALIDATE_PRODUCT = YES;
			};
			name = Release;
		};
		61972A9F22CE3FF000CBA48B /* Debug */ = {
			isa = XCBuildConfiguration;
			buildSettings = {
				ASSETCATALOG_COMPILER_APPICON_NAME = AppIcon;
				CODE_SIGN_STYLE = Automatic;
				DEVELOPMENT_TEAM = ZBZ63J3U4L;
				INFOPLIST_FILE = FCMiOS/Info.plist;
				LD_RUNPATH_SEARCH_PATHS = (
					"$(inherited)",
					"@executable_path/Frameworks",
				);
				PRODUCT_BUNDLE_IDENTIFIER = tim.FCMiOS;
				PRODUCT_NAME = "$(TARGET_NAME)";
				SWIFT_VERSION = 4.2;
				TARGETED_DEVICE_FAMILY = "1,2";
			};
			name = Debug;
		};
		61972AA022CE3FF000CBA48B /* Release */ = {
			isa = XCBuildConfiguration;
			buildSettings = {
				ASSETCATALOG_COMPILER_APPICON_NAME = AppIcon;
				CODE_SIGN_STYLE = Automatic;
				DEVELOPMENT_TEAM = ZBZ63J3U4L;
				INFOPLIST_FILE = FCMiOS/Info.plist;
				LD_RUNPATH_SEARCH_PATHS = (
					"$(inherited)",
					"@executable_path/Frameworks",
				);
				PRODUCT_BUNDLE_IDENTIFIER = tim.FCMiOS;
				PRODUCT_NAME = "$(TARGET_NAME)";
				SWIFT_VERSION = 4.2;
				TARGETED_DEVICE_FAMILY = "1,2";
			};
			name = Release;
		};
/* End XCBuildConfiguration section */

/* Begin XCConfigurationList section */
		61972A8722CE3FEE00CBA48B /* Build configuration list for PBXProject "FCMiOS" */ = {
			isa = XCConfigurationList;
			buildConfigurations = (
				61972A9C22CE3FF000CBA48B /* Debug */,
				61972A9D22CE3FF000CBA48B /* Release */,
			);
			defaultConfigurationIsVisible = 0;
			defaultConfigurationName = Release;
		};
		61972A9E22CE3FF000CBA48B /* Build configuration list for PBXNativeTarget "FCMiOS" */ = {
			isa = XCConfigurationList;
			buildConfigurations = (
				61972A9F22CE3FF000CBA48B /* Debug */,
				61972AA022CE3FF000CBA48B /* Release */,
			);
			defaultConfigurationIsVisible = 0;
			defaultConfigurationName = Release;
		};
/* End XCConfigurationList section */
	};
	rootObject = 61972A8422CE3FEE00CBA48B /* Project object */;
}
